
Microsoft Visual Studio Solution File, Format Version 12.00
# Visual Studio Version 17
VisualStudioVersion = 17.0.32014.148
MinimumVisualStudioVersion = 10.0.40219.1
Project("{FAE04EC0-301F-11D3-BF4B-00C04F79EFBC}") = "proyecto", "proyecto.csproj", "{C021A6E4-66B0-4219-8965-FEA1E269E604}"
EndProject
Global
	GlobalSection(SolutionConfigurationPlatforms) = preSolution
		Debug|Any CPU = Debug|Any CPU
		Release|Any CPU = Release|Any CPU
	EndGlobalSection
	GlobalSection(ProjectConfigurationPlatforms) = postSolution
		{C021A6E4-66B0-4219-8965-FEA1E269E604}.Debug|Any CPU.ActiveCfg = Debug|Any CPU
		{C021A6E4-66B0-4219-8965-FEA1E269E604}.Debug|Any CPU.Build.0 = Debug|Any CPU
		{C021A6E4-66B0-4219-8965-FEA1E269E604}.Release|Any CPU.ActiveCfg = Release|Any CPU
		{C021A6E4-66B0-4219-8965-FEA1E269E604}.Release|Any CPU.Build.0 = Release|Any CPU
	EndGlobalSection
	GlobalSection(SolutionProperties) = preSolution
		HideSolutionNode = FALSE
	EndGlobalSection
	GlobalSection(ExtensibilityGlobals) = postSolution
		SolutionGuid = {C2E2D8BA-A5B7-4109-AFA7-AD34627C2FDB}
	EndGlobalSection
EndGlobal
